// !$*UTF8*$!
{
	archiveVersion = 1;
	classes = {
	};
	objectVersion = 46;
	objects = {

/* Begin PBXBuildFile section */
		C0E3DD831A0B4C9D00B7B8B7 /* AppDelegate.swift in Sources */ = {isa = PBXBuildFile; fileRef = C0E3DD821A0B4C9D00B7B8B7 /* AppDelegate.swift */; };
		C0E3DD871A0B4C9D00B7B8B7 /* GameScene.swift in Sources */ = {isa = PBXBuildFile; fileRef = C0E3DD861A0B4C9D00B7B8B7 /* GameScene.swift */; };
		C0E3DD891A0B4C9D00B7B8B7 /* GameViewController.swift in Sources */ = {isa = PBXBuildFile; fileRef = C0E3DD881A0B4C9D00B7B8B7 /* GameViewController.swift */; };
		C0E3DD8C1A0B4C9D00B7B8B7 /* Main.storyboard in Resources */ = {isa = PBXBuildFile; fileRef = C0E3DD8A1A0B4C9D00B7B8B7 /* Main.storyboard */; };
		C0E3DD8E1A0B4C9D00B7B8B7 /* Images.xcassets in Resources */ = {isa = PBXBuildFile; fileRef = C0E3DD8D1A0B4C9D00B7B8B7 /* Images.xcassets */; };
		C0E3DD911A0B4C9D00B7B8B7 /* LaunchScreen.xib in Resources */ = {isa = PBXBuildFile; fileRef = C0E3DD8F1A0B4C9D00B7B8B7 /* LaunchScreen.xib */; };
		C0E3DD9D1A0B4C9E00B7B8B7 /* FirstGameTests.swift in Sources */ = {isa = PBXBuildFile; fileRef = C0E3DD9C1A0B4C9E00B7B8B7 /* FirstGameTests.swift */; };
		C0E3DDAC1A0B4E3700B7B8B7 /* bomb.mp3 in Resources */ = {isa = PBXBuildFile; fileRef = C0E3DDA71A0B4E3700B7B8B7 /* bomb.mp3 */; };
		C0E3DDAD1A0B4E3700B7B8B7 /* drop.mp3 in Resources */ = {isa = PBXBuildFile; fileRef = C0E3DDA81A0B4E3700B7B8B7 /* drop.mp3 */; };
		C0E3DDAE1A0B4E3700B7B8B7 /* gameover.mp3 in Resources */ = {isa = PBXBuildFile; fileRef = C0E3DDA91A0B4E3700B7B8B7 /* gameover.mp3 */; };
		C0E3DDAF1A0B4E3700B7B8B7 /* levelup.mp3 in Resources */ = {isa = PBXBuildFile; fileRef = C0E3DDAA1A0B4E3700B7B8B7 /* levelup.mp3 */; };
		C0E3DDB01A0B4E3700B7B8B7 /* theme.mp3 in Resources */ = {isa = PBXBuildFile; fileRef = C0E3DDAB1A0B4E3700B7B8B7 /* theme.mp3 */; };
		C0E3DDB21A0B4E7100B7B8B7 /* Sprites.atlas in Resources */ = {isa = PBXBuildFile; fileRef = C0E3DDB11A0B4E7100B7B8B7 /* Sprites.atlas */; };
		C0E3DDBA1A0B4E7800B7B8B7 /* background.png in Resources */ = {isa = PBXBuildFile; fileRef = C0E3DDB41A0B4E7800B7B8B7 /* background.png */; };
		C0E3DDBB1A0B4E7800B7B8B7 /* background@2x.png in Resources */ = {isa = PBXBuildFile; fileRef = C0E3DDB51A0B4E7800B7B8B7 /* background@2x.png */; };
		C0E3DDBC1A0B4E7800B7B8B7 /* gameboard.png in Resources */ = {isa = PBXBuildFile; fileRef = C0E3DDB61A0B4E7800B7B8B7 /* gameboard.png */; };
		C0E3DDBD1A0B4E7800B7B8B7 /* gameboard@2x.png in Resources */ = {isa = PBXBuildFile; fileRef = C0E3DDB71A0B4E7800B7B8B7 /* gameboard@2x.png */; };
		C0E3DDBE1A0B4E7800B7B8B7 /* whitebg.png in Resources */ = {isa = PBXBuildFile; fileRef = C0E3DDB81A0B4E7800B7B8B7 /* whitebg.png */; };
		C0E3DDBF1A0B4E7800B7B8B7 /* whitebg@2x.png in Resources */ = {isa = PBXBuildFile; fileRef = C0E3DDB91A0B4E7800B7B8B7 /* whitebg@2x.png */; };
		C0E3DDC11A0B556100B7B8B7 /* Array2D.swift in Sources */ = {isa = PBXBuildFile; fileRef = C0E3DDC01A0B556100B7B8B7 /* Array2D.swift */; };
		C0E3DDC31A0B587900B7B8B7 /* Block.swift in Sources */ = {isa = PBXBuildFile; fileRef = C0E3DDC21A0B587900B7B8B7 /* Block.swift */; };
/* End PBXBuildFile section */

/* Begin PBXContainerItemProxy section */
		C0E3DD971A0B4C9E00B7B8B7 /* PBXContainerItemProxy */ = {
			isa = PBXContainerItemProxy;
			containerPortal = C0E3DD751A0B4C9D00B7B8B7 /* Project object */;
			proxyType = 1;
			remoteGlobalIDString = C0E3DD7C1A0B4C9D00B7B8B7;
			remoteInfo = FirstGame;
		};
/* End PBXContainerItemProxy section */

/* Begin PBXFileReference section */
		C0E3DD7D1A0B4C9D00B7B8B7 /* FirstGame.app */ = {isa = PBXFileReference; explicitFileType = wrapper.application; includeInIndex = 0; path = FirstGame.app; sourceTree = BUILT_PRODUCTS_DIR; };
		C0E3DD811A0B4C9D00B7B8B7 /* Info.plist */ = {isa = PBXFileReference; lastKnownFileType = text.plist.xml; path = Info.plist; sourceTree = "<group>"; };
		C0E3DD821A0B4C9D00B7B8B7 /* AppDelegate.swift */ = {isa = PBXFileReference; lastKnownFileType = sourcecode.swift; path = AppDelegate.swift; sourceTree = "<group>"; };
		C0E3DD861A0B4C9D00B7B8B7 /* GameScene.swift */ = {isa = PBXFileReference; lastKnownFileType = sourcecode.swift; path = GameScene.swift; sourceTree = "<group>"; };
		C0E3DD881A0B4C9D00B7B8B7 /* GameViewController.swift */ = {isa = PBXFileReference; lastKnownFileType = sourcecode.swift; path = GameViewController.swift; sourceTree = "<group>"; };
		C0E3DD8B1A0B4C9D00B7B8B7 /* Base */ = {isa = PBXFileReference; lastKnownFileType = file.storyboard; name = Base; path = Base.lproj/Main.storyboard; sourceTree = "<group>"; };
		C0E3DD8D1A0B4C9D00B7B8B7 /* Images.xcassets */ = {isa = PBXFileReference; lastKnownFileType = folder.assetcatalog; path = Images.xcassets; sourceTree = "<group>"; };
		C0E3DD901A0B4C9D00B7B8B7 /* Base */ = {isa = PBXFileReference; lastKnownFileType = file.xib; name = Base; path = Base.lproj/LaunchScreen.xib; sourceTree = "<group>"; };
		C0E3DD961A0B4C9E00B7B8B7 /* FirstGameTests.xctest */ = {isa = PBXFileReference; explicitFileType = wrapper.cfbundle; includeInIndex = 0; path = FirstGameTests.xctest; sourceTree = BUILT_PRODUCTS_DIR; };
		C0E3DD9B1A0B4C9E00B7B8B7 /* Info.plist */ = {isa = PBXFileReference; lastKnownFileType = text.plist.xml; path = Info.plist; sourceTree = "<group>"; };
		C0E3DD9C1A0B4C9E00B7B8B7 /* FirstGameTests.swift */ = {isa = PBXFileReference; lastKnownFileType = sourcecode.swift; path = FirstGameTests.swift; sourceTree = "<group>"; };
		C0E3DDA71A0B4E3700B7B8B7 /* bomb.mp3 */ = {isa = PBXFileReference; lastKnownFileType = audio.mp3; path = bomb.mp3; sourceTree = "<group>"; };
		C0E3DDA81A0B4E3700B7B8B7 /* drop.mp3 */ = {isa = PBXFileReference; lastKnownFileType = audio.mp3; path = drop.mp3; sourceTree = "<group>"; };
		C0E3DDA91A0B4E3700B7B8B7 /* gameover.mp3 */ = {isa = PBXFileReference; lastKnownFileType = audio.mp3; path = gameover.mp3; sourceTree = "<group>"; };
		C0E3DDAA1A0B4E3700B7B8B7 /* levelup.mp3 */ = {isa = PBXFileReference; lastKnownFileType = audio.mp3; path = levelup.mp3; sourceTree = "<group>"; };
		C0E3DDAB1A0B4E3700B7B8B7 /* theme.mp3 */ = {isa = PBXFileReference; lastKnownFileType = audio.mp3; path = theme.mp3; sourceTree = "<group>"; };
		C0E3DDB11A0B4E7100B7B8B7 /* Sprites.atlas */ = {isa = PBXFileReference; lastKnownFileType = folder.skatlas; path = Sprites.atlas; sourceTree = "<group>"; };
		C0E3DDB41A0B4E7800B7B8B7 /* background.png */ = {isa = PBXFileReference; lastKnownFileType = image.png; path = background.png; sourceTree = "<group>"; };
		C0E3DDB51A0B4E7800B7B8B7 /* background@2x.png */ = {isa = PBXFileReference; lastKnownFileType = image.png; path = "background@2x.png"; sourceTree = "<group>"; };
		C0E3DDB61A0B4E7800B7B8B7 /* gameboard.png */ = {isa = PBXFileReference; lastKnownFileType = image.png; path = gameboard.png; sourceTree = "<group>"; };
		C0E3DDB71A0B4E7800B7B8B7 /* gameboard@2x.png */ = {isa = PBXFileReference; lastKnownFileType = image.png; path = "gameboard@2x.png"; sourceTree = "<group>"; };
		C0E3DDB81A0B4E7800B7B8B7 /* whitebg.png */ = {isa = PBXFileReference; lastKnownFileType = image.png; path = whitebg.png; sourceTree = "<group>"; };
		C0E3DDB91A0B4E7800B7B8B7 /* whitebg@2x.png */ = {isa = PBXFileReference; lastKnownFileType = image.png; path = "whitebg@2x.png"; sourceTree = "<group>"; };
		C0E3DDC01A0B556100B7B8B7 /* Array2D.swift */ = {isa = PBXFileReference; fileEncoding = 4; lastKnownFileType = sourcecode.swift; path = Array2D.swift; sourceTree = "<group>"; };
		C0E3DDC21A0B587900B7B8B7 /* Block.swift */ = {isa = PBXFileReference; fileEncoding = 4; lastKnownFileType = sourcecode.swift; path = Block.swift; sourceTree = "<group>"; };
/* End PBXFileReference section */

/* Begin PBXFrameworksBuildPhase section */
		C0E3DD7A1A0B4C9D00B7B8B7 /* Frameworks */ = {
			isa = PBXFrameworksBuildPhase;
			buildActionMask = 2147483647;
			files = (
			);
			runOnlyForDeploymentPostprocessing = 0;
		};
		C0E3DD931A0B4C9E00B7B8B7 /* Frameworks */ = {
			isa = PBXFrameworksBuildPhase;
			buildActionMask = 2147483647;
			files = (
			);
			runOnlyForDeploymentPostprocessing = 0;
		};
/* End PBXFrameworksBuildPhase section */

/* Begin PBXGroup section */
		C0E3DD741A0B4C9D00B7B8B7 = {
			isa = PBXGroup;
			children = (
				C0E3DD7F1A0B4C9D00B7B8B7 /* FirstGame */,
				C0E3DD991A0B4C9E00B7B8B7 /* FirstGameTests */,
				C0E3DD7E1A0B4C9D00B7B8B7 /* Products */,
			);
			sourceTree = "<group>";
		};
		C0E3DD7E1A0B4C9D00B7B8B7 /* Products */ = {
			isa = PBXGroup;
			children = (
				C0E3DD7D1A0B4C9D00B7B8B7 /* FirstGame.app */,
				C0E3DD961A0B4C9E00B7B8B7 /* FirstGameTests.xctest */,
			);
			name = Products;
			sourceTree = "<group>";
		};
		C0E3DD7F1A0B4C9D00B7B8B7 /* FirstGame */ = {
			isa = PBXGroup;
			children = (
				C0E3DD821A0B4C9D00B7B8B7 /* AppDelegate.swift */,
				C0E3DD861A0B4C9D00B7B8B7 /* GameScene.swift */,
				C0E3DDC21A0B587900B7B8B7 /* Block.swift */,
				C0E3DD881A0B4C9D00B7B8B7 /* GameViewController.swift */,
				C0E3DDC01A0B556100B7B8B7 /* Array2D.swift */,
				C0E3DD8A1A0B4C9D00B7B8B7 /* Main.storyboard */,
				C0E3DD8D1A0B4C9D00B7B8B7 /* Images.xcassets */,
				C0E3DD8F1A0B4C9D00B7B8B7 /* LaunchScreen.xib */,
				C0E3DDB31A0B4E7800B7B8B7 /* Images */,
				C0E3DDA61A0B4E3700B7B8B7 /* Sounds */,
				C0E3DDB11A0B4E7100B7B8B7 /* Sprites.atlas */,
				C0E3DD801A0B4C9D00B7B8B7 /* Supporting Files */,
			);
			path = FirstGame;
			sourceTree = "<group>";
		};
		C0E3DD801A0B4C9D00B7B8B7 /* Supporting Files */ = {
			isa = PBXGroup;
			children = (
				C0E3DD811A0B4C9D00B7B8B7 /* Info.plist */,
			);
			name = "Supporting Files";
			sourceTree = "<group>";
		};
		C0E3DD991A0B4C9E00B7B8B7 /* FirstGameTests */ = {
			isa = PBXGroup;
			children = (
				C0E3DD9C1A0B4C9E00B7B8B7 /* FirstGameTests.swift */,
				C0E3DD9A1A0B4C9E00B7B8B7 /* Supporting Files */,
			);
			path = FirstGameTests;
			sourceTree = "<group>";
		};
		C0E3DD9A1A0B4C9E00B7B8B7 /* Supporting Files */ = {
			isa = PBXGroup;
			children = (
				C0E3DD9B1A0B4C9E00B7B8B7 /* Info.plist */,
			);
			name = "Supporting Files";
			sourceTree = "<group>";
		};
		C0E3DDA61A0B4E3700B7B8B7 /* Sounds */ = {
			isa = PBXGroup;
			children = (
				C0E3DDA71A0B4E3700B7B8B7 /* bomb.mp3 */,
				C0E3DDA81A0B4E3700B7B8B7 /* drop.mp3 */,
				C0E3DDA91A0B4E3700B7B8B7 /* gameover.mp3 */,
				C0E3DDAA1A0B4E3700B7B8B7 /* levelup.mp3 */,
				C0E3DDAB1A0B4E3700B7B8B7 /* theme.mp3 */,
			);
			path = Sounds;
			sourceTree = "<group>";
		};
		C0E3DDB31A0B4E7800B7B8B7 /* Images */ = {
			isa = PBXGroup;
			children = (
				C0E3DDB41A0B4E7800B7B8B7 /* background.png */,
				C0E3DDB51A0B4E7800B7B8B7 /* background@2x.png */,
				C0E3DDB61A0B4E7800B7B8B7 /* gameboard.png */,
				C0E3DDB71A0B4E7800B7B8B7 /* gameboard@2x.png */,
				C0E3DDB81A0B4E7800B7B8B7 /* whitebg.png */,
				C0E3DDB91A0B4E7800B7B8B7 /* whitebg@2x.png */,
			);
			path = Images;
			sourceTree = "<group>";
		};
/* End PBXGroup section */

/* Begin PBXNativeTarget section */
		C0E3DD7C1A0B4C9D00B7B8B7 /* FirstGame */ = {
			isa = PBXNativeTarget;
			buildConfigurationList = C0E3DDA01A0B4C9E00B7B8B7 /* Build configuration list for PBXNativeTarget "FirstGame" */;
			buildPhases = (
				C0E3DD791A0B4C9D00B7B8B7 /* Sources */,
				C0E3DD7A1A0B4C9D00B7B8B7 /* Frameworks */,
				C0E3DD7B1A0B4C9D00B7B8B7 /* Resources */,
			);
			buildRules = (
			);
			dependencies = (
			);
			name = FirstGame;
			productName = FirstGame;
			productReference = C0E3DD7D1A0B4C9D00B7B8B7 /* FirstGame.app */;
			productType = "com.apple.product-type.application";
		};
		C0E3DD951A0B4C9E00B7B8B7 /* FirstGameTests */ = {
			isa = PBXNativeTarget;
			buildConfigurationList = C0E3DDA31A0B4C9E00B7B8B7 /* Build configuration list for PBXNativeTarget "FirstGameTests" */;
			buildPhases = (
				C0E3DD921A0B4C9E00B7B8B7 /* Sources */,
				C0E3DD931A0B4C9E00B7B8B7 /* Frameworks */,
				C0E3DD941A0B4C9E00B7B8B7 /* Resources */,
			);
			buildRules = (
			);
			dependencies = (
				C0E3DD981A0B4C9E00B7B8B7 /* PBXTargetDependency */,
			);
			name = FirstGameTests;
			productName = FirstGameTests;
			productReference = C0E3DD961A0B4C9E00B7B8B7 /* FirstGameTests.xctest */;
			productType = "com.apple.product-type.bundle.unit-test";
		};
/* End PBXNativeTarget section */

/* Begin PBXProject section */
		C0E3DD751A0B4C9D00B7B8B7 /* Project object */ = {
			isa = PBXProject;
			attributes = {
				LastUpgradeCheck = 0600;
				ORGANIZATIONNAME = KKate;
				TargetAttributes = {
					C0E3DD7C1A0B4C9D00B7B8B7 = {
						CreatedOnToolsVersion = 6.0.1;
					};
					C0E3DD951A0B4C9E00B7B8B7 = {
						CreatedOnToolsVersion = 6.0.1;
						TestTargetID = C0E3DD7C1A0B4C9D00B7B8B7;
					};
				};
			};
			buildConfigurationList = C0E3DD781A0B4C9D00B7B8B7 /* Build configuration list for PBXProject "FirstGame" */;
			compatibilityVersion = "Xcode 3.2";
			developmentRegion = English;
			hasScannedForEncodings = 0;
			knownRegions = (
				en,
				Base,
			);
			mainGroup = C0E3DD741A0B4C9D00B7B8B7;
			productRefGroup = C0E3DD7E1A0B4C9D00B7B8B7 /* Products */;
			projectDirPath = "";
			projectRoot = "";
			targets = (
				C0E3DD7C1A0B4C9D00B7B8B7 /* FirstGame */,
				C0E3DD951A0B4C9E00B7B8B7 /* FirstGameTests */,
			);
		};
/* End PBXProject section */

/* Begin PBXResourcesBuildPhase section */
		C0E3DD7B1A0B4C9D00B7B8B7 /* Resources */ = {
			isa = PBXResourcesBuildPhase;
			buildActionMask = 2147483647;
			files = (
				C0E3DD911A0B4C9D00B7B8B7 /* LaunchScreen.xib in Resources */,
				C0E3DDBB1A0B4E7800B7B8B7 /* background@2x.png in Resources */,
				C0E3DDBE1A0B4E7800B7B8B7 /* whitebg.png in Resources */,
				C0E3DDBD1A0B4E7800B7B8B7 /* gameboard@2x.png in Resources */,
				C0E3DDBC1A0B4E7800B7B8B7 /* gameboard.png in Resources */,
				C0E3DDBA1A0B4E7800B7B8B7 /* background.png in Resources */,
				C0E3DDAD1A0B4E3700B7B8B7 /* drop.mp3 in Resources */,
				C0E3DDBF1A0B4E7800B7B8B7 /* whitebg@2x.png in Resources */,
				C0E3DDB01A0B4E3700B7B8B7 /* theme.mp3 in Resources */,
				C0E3DDAE1A0B4E3700B7B8B7 /* gameover.mp3 in Resources */,
				C0E3DD8E1A0B4C9D00B7B8B7 /* Images.xcassets in Resources */,
				C0E3DDAF1A0B4E3700B7B8B7 /* levelup.mp3 in Resources */,
				C0E3DDB21A0B4E7100B7B8B7 /* Sprites.atlas in Resources */,
				C0E3DDAC1A0B4E3700B7B8B7 /* bomb.mp3 in Resources */,
				C0E3DD8C1A0B4C9D00B7B8B7 /* Main.storyboard in Resources */,
			);
			runOnlyForDeploymentPostprocessing = 0;
		};
		C0E3DD941A0B4C9E00B7B8B7 /* Resources */ = {
			isa = PBXResourcesBuildPhase;
			buildActionMask = 2147483647;
			files = (
			);
			runOnlyForDeploymentPostprocessing = 0;
		};
/* End PBXResourcesBuildPhase section */

/* Begin PBXSourcesBuildPhase section */
		C0E3DD791A0B4C9D00B7B8B7 /* Sources */ = {
			isa = PBXSourcesBuildPhase;
			buildActionMask = 2147483647;
			files = (
				C0E3DD871A0B4C9D00B7B8B7 /* GameScene.swift in Sources */,
				C0E3DDC11A0B556100B7B8B7 /* Array2D.swift in Sources */,
				C0E3DDC31A0B587900B7B8B7 /* Block.swift in Sources */,
				C0E3DD891A0B4C9D00B7B8B7 /* GameViewController.swift in Sources */,
				C0E3DD831A0B4C9D00B7B8B7 /* AppDelegate.swift in Sources */,
			);
			runOnlyForDeploymentPostprocessing = 0;
		};
		C0E3DD921A0B4C9E00B7B8B7 /* Sources */ = {
			isa = PBXSourcesBuildPhase;
			buildActionMask = 2147483647;
			files = (
				C0E3DD9D1A0B4C9E00B7B8B7 /* FirstGameTests.swift in Sources */,
			);
			runOnlyForDeploymentPostprocessing = 0;
		};
/* End PBXSourcesBuildPhase section */

/* Begin PBXTargetDependency section */
		C0E3DD981A0B4C9E00B7B8B7 /* PBXTargetDependency */ = {
			isa = PBXTargetDependency;
			target = C0E3DD7C1A0B4C9D00B7B8B7 /* FirstGame */;
			targetProxy = C0E3DD971A0B4C9E00B7B8B7 /* PBXContainerItemProxy */;
		};
/* End PBXTargetDependency section */

/* Begin PBXVariantGroup section */
		C0E3DD8A1A0B4C9D00B7B8B7 /* Main.storyboard */ = {
			isa = PBXVariantGroup;
			children = (
				C0E3DD8B1A0B4C9D00B7B8B7 /* Base */,
			);
			name = Main.storyboard;
			sourceTree = "<group>";
		};
		C0E3DD8F1A0B4C9D00B7B8B7 /* LaunchScreen.xib */ = {
			isa = PBXVariantGroup;
			children = (
				C0E3DD901A0B4C9D00B7B8B7 /* Base */,
			);
			name = LaunchScreen.xib;
			sourceTree = "<group>";
		};
/* End PBXVariantGroup section */

/* Begin XCBuildConfiguration section */
		C0E3DD9E1A0B4C9E00B7B8B7 /* Debug */ = {
			isa = XCBuildConfiguration;
			buildSettings = {
				ALWAYS_SEARCH_USER_PATHS = NO;
				CLANG_CXX_LANGUAGE_STANDARD = "gnu++0x";
				CLANG_CXX_LIBRARY = "libc++";
				CLANG_ENABLE_MODULES = YES;
				CLANG_ENABLE_OBJC_ARC = YES;
				CLANG_WARN_BOOL_CONVERSION = YES;
				CLANG_WARN_CONSTANT_CONVERSION = YES;
				CLANG_WARN_DIRECT_OBJC_ISA_USAGE = YES_ERROR;
				CLANG_WARN_EMPTY_BODY = YES;
				CLANG_WARN_ENUM_CONVERSION = YES;
				CLANG_WARN_INT_CONVERSION = YES;
				CLANG_WARN_OBJC_ROOT_CLASS = YES_ERROR;
				CLANG_WARN_UNREACHABLE_CODE = YES;
				CLANG_WARN__DUPLICATE_METHOD_MATCH = YES;
				"CODE_SIGN_IDENTITY[sdk=iphoneos*]" = "iPhone Developer";
				COPY_PHASE_STRIP = NO;
				ENABLE_STRICT_OBJC_MSGSEND = YES;
				GCC_C_LANGUAGE_STANDARD = gnu99;
				GCC_DYNAMIC_NO_PIC = NO;
				GCC_OPTIMIZATION_LEVEL = 0;
				GCC_PREPROCESSOR_DEFINITIONS = (
					"DEBUG=1",
					"$(inherited)",
				);
				GCC_SYMBOLS_PRIVATE_EXTERN = NO;
				GCC_WARN_64_TO_32_BIT_CONVERSION = YES;
				GCC_WARN_ABOUT_RETURN_TYPE = YES_ERROR;
				GCC_WARN_UNDECLARED_SELECTOR = YES;
				GCC_WARN_UNINITIALIZED_AUTOS = YES_AGGRESSIVE;
				GCC_WARN_UNUSED_FUNCTION = YES;
				GCC_WARN_UNUSED_VARIABLE = YES;
				IPHONEOS_DEPLOYMENT_TARGET = 8.0;
				MTL_ENABLE_DEBUG_INFO = YES;
				ONLY_ACTIVE_ARCH = YES;
				SDKROOT = iphoneos;
				SWIFT_OPTIMIZATION_LEVEL = "-Onone";
			};
			name = Debug;
		};
		C0E3DD9F1A0B4C9E00B7B8B7 /* Release */ = {
			isa = XCBuildConfiguration;
			buildSettings = {
				ALWAYS_SEARCH_USER_PATHS = NO;
				CLANG_CXX_LANGUAGE_STANDARD = "gnu++0x";
				CLANG_CXX_LIBRARY = "libc++";
				CLANG_ENABLE_MODULES = YES;
				CLANG_ENABLE_OBJC_ARC = YES;
				CLANG_WARN_BOOL_CONVERSION = YES;
				CLANG_WARN_CONSTANT_CONVERSION = YES;
				CLANG_WARN_DIRECT_OBJC_ISA_USAGE = YES_ERROR;
				CLANG_WARN_EMPTY_BODY = YES;
				CLANG_WARN_ENUM_CONVERSION = YES;
				CLANG_WARN_INT_CONVERSION = YES;
				CLANG_WARN_OBJC_ROOT_CLASS = YES_ERROR;
				CLANG_WARN_UNREACHABLE_CODE = YES;
				CLANG_WARN__DUPLICATE_METHOD_MATCH = YES;
				"CODE_SIGN_IDENTITY[sdk=iphoneos*]" = "iPhone Developer";
				COPY_PHASE_STRIP = YES;
				ENABLE_NS_ASSERTIONS = NO;
				ENABLE_STRICT_OBJC_MSGSEND = YES;
				GCC_C_LANGUAGE_STANDARD = gnu99;
				GCC_WARN_64_TO_32_BIT_CONVERSION = YES;
				GCC_WARN_ABOUT_RETURN_TYPE = YES_ERROR;
				GCC_WARN_UNDECLARED_SELECTOR = YES;
				GCC_WARN_UNINITIALIZED_AUTOS = YES_AGGRESSIVE;
				GCC_WARN_UNUSED_FUNCTION = YES;
				GCC_WARN_UNUSED_VARIABLE = YES;
				IPHONEOS_DEPLOYMENT_TARGET = 8.0;
				MTL_ENABLE_DEBUG_INFO = NO;
				SDKROOT = iphoneos;
				VALIDATE_PRODUCT = YES;
			};
			name = Release;
		};
		C0E3DDA11A0B4C9E00B7B8B7 /* Debug */ = {
			isa = XCBuildConfiguration;
			buildSettings = {
				ASSETCATALOG_COMPILER_APPICON_NAME = AppIcon;
				INFOPLIST_FILE = FirstGame/Info.plist;
				LD_RUNPATH_SEARCH_PATHS = "$(inherited) @executable_path/Frameworks";
				PRODUCT_NAME = "$(TARGET_NAME)";
			};
			name = Debug;
		};
		C0E3DDA21A0B4C9E00B7B8B7 /* Release */ = {
			isa = XCBuildConfiguration;
			buildSettings = {
				ASSETCATALOG_COMPILER_APPICON_NAME = AppIcon;
				INFOPLIST_FILE = FirstGame/Info.plist;
				LD_RUNPATH_SEARCH_PATHS = "$(inherited) @executable_path/Frameworks";
				PRODUCT_NAME = "$(TARGET_NAME)";
			};
			name = Release;
		};
		C0E3DDA41A0B4C9E00B7B8B7 /* Debug */ = {
			isa = XCBuildConfiguration;
			buildSettings = {
				BUNDLE_LOADER = "$(TEST_HOST)";
				FRAMEWORK_SEARCH_PATHS = (
					"$(SDKROOT)/Developer/Library/Frameworks",
					"$(inherited)",
				);
				GCC_PREPROCESSOR_DEFINITIONS = (
					"DEBUG=1",
					"$(inherited)",
				);
				INFOPLIST_FILE = FirstGameTests/Info.plist;
				LD_RUNPATH_SEARCH_PATHS = "$(inherited) @executable_path/Frameworks @loader_path/Frameworks";
				PRODUCT_NAME = "$(TARGET_NAME)";
				TEST_HOST = "$(BUILT_PRODUCTS_DIR)/FirstGame.app/FirstGame";
			};
			name = Debug;
		};
		C0E3DDA51A0B4C9E00B7B8B7 /* Release */ = {
			isa = XCBuildConfiguration;
			buildSettings = {
				BUNDLE_LOADER = "$(TEST_HOST)";
				FRAMEWORK_SEARCH_PATHS = (
					"$(SDKROOT)/Developer/Library/Frameworks",
					"$(inherited)",
				);
				INFOPLIST_FILE = FirstGameTests/Info.plist;
				LD_RUNPATH_SEARCH_PATHS = "$(inherited) @executable_path/Frameworks @loader_path/Frameworks";
				PRODUCT_NAME = "$(TARGET_NAME)";
				TEST_HOST = "$(BUILT_PRODUCTS_DIR)/FirstGame.app/FirstGame";
			};
			name = Release;
		};
/* End XCBuildConfiguration section */

/* Begin XCConfigurationList section */
		C0E3DD781A0B4C9D00B7B8B7 /* Build configuration list for PBXProject "FirstGame" */ = {
			isa = XCConfigurationList;
			buildConfigurations = (
				C0E3DD9E1A0B4C9E00B7B8B7 /* Debug */,
				C0E3DD9F1A0B4C9E00B7B8B7 /* Release */,
			);
			defaultConfigurationIsVisible = 0;
			defaultConfigurationName = Release;
		};
		C0E3DDA01A0B4C9E00B7B8B7 /* Build configuration list for PBXNativeTarget "FirstGame" */ = {
			isa = XCConfigurationList;
			buildConfigurations = (
				C0E3DDA11A0B4C9E00B7B8B7 /* Debug */,
				C0E3DDA21A0B4C9E00B7B8B7 /* Release */,
			);
			defaultConfigurationIsVisible = 0;
			defaultConfigurationName = Release;
		};
		C0E3DDA31A0B4C9E00B7B8B7 /* Build configuration list for PBXNativeTarget "FirstGameTests" */ = {
			isa = XCConfigurationList;
			buildConfigurations = (
				C0E3DDA41A0B4C9E00B7B8B7 /* Debug */,
				C0E3DDA51A0B4C9E00B7B8B7 /* Release */,
			);
			defaultConfigurationIsVisible = 0;
			defaultConfigurationName = Release;
		};
/* End XCConfigurationList section */
	};
	rootObject = C0E3DD751A0B4C9D00B7B8B7 /* Project object */;
}
